{
  "version": 4,
  "terraform_version": "1.5.0",
  "serial": 33,
  "lineage": "66c32a66-e7ab-c44b-31cb-c73774d6751e",
  "outputs": {},
  "resources": [
    {
      "mode": "managed",
      "type": "azurerm_app_service_custom_hostname_binding",
      "name": "res-18",
      "provider": "provider[\"registry.terraform.io/hashicorp/azurerm\"]",
      "instances": [
        {
          "schema_version": 0,
          "attributes": {
            "app_service_name": "app-devopsvanillaexample-dev",
            "hostname": "app-devopsvanillaexample-dev.azurewebsites.net",
            "id": "/subscriptions/909915d6-75e4-4893-95d4-8378c8ea8cc5/resourceGroups/rg-devopsvanillaexample-dev/providers/Microsoft.Web/sites/app-devopsvanillaexample-dev/hostNameBindings/app-devopsvanillaexample-dev.azurewebsites.net",
            "resource_group_name": "rg-devopsvanillaexample-dev",
            "ssl_state": "",
            "thumbprint": "",
            "timeouts": null,
            "virtual_ip": ""
          },
          "sensitive_attributes": [],
          "private": "eyJlMmJmYjczMC1lY2FhLTExZTYtOGY4OC0zNDM2M2JjN2M0YzAiOnsiY3JlYXRlIjoxODAwMDAwMDAwMDAwLCJkZWxldGUiOjE4MDAwMDAwMDAwMDAsInJlYWQiOjMwMDAwMDAwMDAwMCwidXBkYXRlIjoxODAwMDAwMDAwMDAwfSwic2NoZW1hX3ZlcnNpb24iOiIwIn0=",
          "dependencies": [
            "azurerm_linux_web_app.res-14",
            "azurerm_resource_group.res-0",
            "azurerm_service_plan.res-13",
            "azurerm_subnet.res-10",
            "azurerm_virtual_network.res-9"
          ]
        }
      ]
    },
    {
      "mode": "managed",
      "type": "azurerm_linux_web_app",
      "name": "res-14",
      "provider": "provider[\"registry.terraform.io/hashicorp/azurerm\"]",
      "instances": [
        {
          "schema_version": 0,
          "attributes": {
            "app_settings": {},
            "auth_settings": [],
            "auth_settings_v2": [],
            "backup": [],
            "client_affinity_enabled": false,
            "client_certificate_enabled": false,
            "client_certificate_exclusion_paths": "",
            "client_certificate_mode": "Required",
            "connection_string": [
              {
                "name": "AZURE_POSTGRESQL_CONNECTIONSTRING",
                "type": "PostgreSQL",
                "value": "Server=sql-devopsvanillaexample-dev.postgres.database.azure.com;Database=db-devopsvanillaexample-dev;Port=5432;Ssl Mode=Require;User Id=lthmnxayst;Password=G1H41X0PN03OU271$;"
              }
            ],
            "custom_domain_verification_id": "B6C7B6399F32781193A4895433BB27E632F9C480A2367BBBC7EF5E8A9B578922",
            "default_hostname": "app-devopsvanillaexample-dev.azurewebsites.net",
            "enabled": true,
            "hosting_environment_id": "",
            "https_only": false,
            "id": "/subscriptions/909915d6-75e4-4893-95d4-8378c8ea8cc5/resourceGroups/rg-devopsvanillaexample-dev/providers/Microsoft.Web/sites/app-devopsvanillaexample-dev",
            "identity": [],
            "key_vault_reference_identity_id": "SystemAssigned",
            "kind": "app,linux",
            "location": "eastus",
            "logs": [],
            "name": "app-devopsvanillaexample-dev",
            "outbound_ip_address_list": [
              "52.147.223.72",
              "52.149.232.26",
              "52.149.232.46",
              "52.149.232.194",
              "52.142.31.38",
              "52.149.233.38",
              "20.119.8.29"
            ],
            "outbound_ip_addresses": "52.147.223.72,52.149.232.26,52.149.232.46,52.149.232.194,52.142.31.38,52.149.233.38,20.119.8.29",
            "possible_outbound_ip_address_list": [
              "52.147.223.72",
              "52.149.232.26",
              "52.149.232.46",
              "52.149.232.194",
              "52.142.31.38",
              "52.149.233.38",
              "52.149.233.72",
              "52.149.233.166",
              "52.149.234.120",
              "52.142.28.165",
              "52.149.238.121",
              "52.149.239.57",
              "52.149.239.163",
              "52.152.184.97",
              "52.152.185.102",
              "52.152.185.236",
              "52.152.186.39",
              "52.152.188.168",
              "52.152.189.237",
              "52.152.190.181",
              "52.170.160.121",
              "52.170.161.43",
              "52.170.161.90",
              "20.185.76.213",
              "20.119.8.29"
            ],
            "possible_outbound_ip_addresses": "52.147.223.72,52.149.232.26,52.149.232.46,52.149.232.194,52.142.31.38,52.149.233.38,52.149.233.72,52.149.233.166,52.149.234.120,52.142.28.165,52.149.238.121,52.149.239.57,52.149.239.163,52.152.184.97,52.152.185.102,52.152.185.236,52.152.186.39,52.152.188.168,52.152.189.237,52.152.190.181,52.170.160.121,52.170.161.43,52.170.161.90,20.185.76.213,20.119.8.29",
            "resource_group_name": "rg-devopsvanillaexample-dev",
            "service_plan_id": "/subscriptions/909915d6-75e4-4893-95d4-8378c8ea8cc5/resourceGroups/rg-devopsvanillaexample-dev/providers/Microsoft.Web/serverfarms/ASP-rgdevopsvanillaexampledev-ab67",
            "site_config": [
              {
                "always_on": false,
                "api_definition_url": "",
                "api_management_api_id": "",
                "app_command_line": "",
                "application_stack": [
                  {
                    "docker_image": "",
                    "docker_image_tag": "",
                    "dotnet_version": "7.0",
                    "go_version": "",
                    "java_server": "",
                    "java_server_version": "",
                    "java_version": "",
                    "node_version": "",
                    "php_version": "",
                    "python_version": "",
                    "ruby_version": ""
                  }
                ],
                "auto_heal_enabled": false,
                "auto_heal_setting": [],
                "container_registry_managed_identity_client_id": "",
                "container_registry_use_managed_identity": false,
                "cors": [],
                "default_documents": [
                  "Default.htm",
                  "Default.html",
                  "Default.asp",
                  "index.htm",
                  "index.html",
                  "iisstart.htm",
                  "default.aspx",
                  "index.php",
                  "hostingstart.html"
                ],
                "detailed_error_logging_enabled": false,
                "ftps_state": "FtpsOnly",
                "health_check_eviction_time_in_min": 0,
                "health_check_path": "",
                "http2_enabled": false,
                "ip_restriction": [],
                "linux_fx_version": "DOTNETCORE|7.0",
                "load_balancing_mode": "LeastRequests",
                "local_mysql_enabled": false,
                "managed_pipeline_mode": "Integrated",
                "minimum_tls_version": "1.2",
                "remote_debugging_enabled": false,
                "remote_debugging_version": "",
                "scm_ip_restriction": [],
                "scm_minimum_tls_version": "1.2",
                "scm_type": "None",
                "scm_use_main_ip_restriction": false,
                "use_32_bit_worker": true,
                "vnet_route_all_enabled": true,
                "websockets_enabled": false,
                "worker_count": 1
              }
            ],
            "site_credential": [
              {
                "name": "$app-devopsvanillaexample-dev",
                "password": "ijKKen2BWAjo43ac0NtXpGDMhjoBaw6W010Xfeg3r8N5xFuLtbpHR9o99nwm"
              }
            ],
            "sticky_settings": [],
            "storage_account": [],
            "tags": {},
            "timeouts": null,
            "virtual_network_subnet_id": "/subscriptions/909915d6-75e4-4893-95d4-8378c8ea8cc5/resourceGroups/rg-devopsvanillaexample-dev/providers/Microsoft.Network/virtualNetworks/app-devopsvanillaexample-devVnet/subnets/app-devopsvanillaexample-devAppSubnet",
            "zip_deploy_file": ""
          },
          "sensitive_attributes": [],
          "private": "eyJlMmJmYjczMC1lY2FhLTExZTYtOGY4OC0zNDM2M2JjN2M0YzAiOnsiY3JlYXRlIjoxODAwMDAwMDAwMDAwLCJkZWxldGUiOjE4MDAwMDAwMDAwMDAsInJlYWQiOjMwMDAwMDAwMDAwMCwidXBkYXRlIjoxODAwMDAwMDAwMDAwfSwic2NoZW1hX3ZlcnNpb24iOiIwIn0=",
          "dependencies": [
            "azurerm_resource_group.res-0",
            "azurerm_service_plan.res-13",
            "azurerm_subnet.res-10",
            "azurerm_virtual_network.res-9"
          ]
        }
      ]
    },
    {
      "mode": "managed",
      "type": "azurerm_postgresql_flexible_server",
      "name": "res-1",
      "provider": "provider[\"registry.terraform.io/hashicorp/azurerm\"]",
      "instances": [
        {
          "schema_version": 0,
          "attributes": {
            "administrator_login": "lthmnxayst",
            "administrator_password": null,
            "authentication": [
              {
                "active_directory_auth_enabled": false,
                "password_auth_enabled": true,
                "tenant_id": ""
              }
            ],
            "backup_retention_days": 7,
            "create_mode": null,
            "customer_managed_key": [],
            "delegated_subnet_id": "/subscriptions/909915d6-75e4-4893-95d4-8378c8ea8cc5/resourceGroups/rg-devopsvanillaexample-dev/providers/Microsoft.Network/virtualNetworks/app-devopsvanillaexample-devVnet/subnets/app-devopsvanillaexample-devDbSubnet",
            "fqdn": "sql-devopsvanillaexample-dev.postgres.database.azure.com",
            "geo_redundant_backup_enabled": false,
            "high_availability": [],
            "id": "/subscriptions/909915d6-75e4-4893-95d4-8378c8ea8cc5/resourceGroups/rg-devopsvanillaexample-dev/providers/Microsoft.DBforPostgreSQL/flexibleServers/sql-devopsvanillaexample-dev",
            "identity": [],
            "location": "eastus",
            "maintenance_window": [],
            "name": "sql-devopsvanillaexample-dev",
            "point_in_time_restore_time_in_utc": null,
            "private_dns_zone_id": "/subscriptions/909915d6-75e4-4893-95d4-8378c8ea8cc5/resourceGroups/rg-devopsvanillaexample-dev/providers/Microsoft.Network/privateDnsZones/privatelink.postgres.database.azure.com",
            "public_network_access_enabled": false,
            "replication_role": "",
            "resource_group_name": "rg-devopsvanillaexample-dev",
            "sku_name": "B_Standard_B1ms",
            "source_server_id": null,
            "storage_mb": 131072,
            "tags": {},
            "timeouts": null,
            "version": "14",
            "zone": "3"
          },
          "sensitive_attributes": [],
          "private": "eyJlMmJmYjczMC1lY2FhLTExZTYtOGY4OC0zNDM2M2JjN2M0YzAiOnsiY3JlYXRlIjozNjAwMDAwMDAwMDAwLCJkZWxldGUiOjM2MDAwMDAwMDAwMDAsInJlYWQiOjMwMDAwMDAwMDAwMCwidXBkYXRlIjozNjAwMDAwMDAwMDAwfSwic2NoZW1hX3ZlcnNpb24iOiIwIn0=",
          "dependencies": [
            "azurerm_resource_group.res-0",
            "azurerm_subnet.res-11",
            "azurerm_virtual_network.res-9"
          ]
        }
      ]
    },
    {
      "mode": "managed",
      "type": "azurerm_private_dns_a_record",
      "name": "res-3",
      "provider": "provider[\"registry.terraform.io/hashicorp/azurerm\"]",
      "instances": [
        {
          "schema_version": 0,
          "attributes": {
            "fqdn": "c2b5feaa8e0f.privatelink.postgres.database.azure.com.",
            "id": "/subscriptions/909915d6-75e4-4893-95d4-8378c8ea8cc5/resourceGroups/rg-devopsvanillaexample-dev/providers/Microsoft.Network/privateDnsZones/privatelink.postgres.database.azure.com/A/c2b5feaa8e0f",
            "name": "c2b5feaa8e0f",
            "records": [
              "10.0.1.4"
            ],
            "resource_group_name": "rg-devopsvanillaexample-dev",
            "tags": {},
            "timeouts": null,
            "ttl": 30,
            "zone_name": "privatelink.postgres.database.azure.com"
          },
          "sensitive_attributes": [],
          "private": "eyJlMmJmYjczMC1lY2FhLTExZTYtOGY4OC0zNDM2M2JjN2M0YzAiOnsiY3JlYXRlIjoxODAwMDAwMDAwMDAwLCJkZWxldGUiOjE4MDAwMDAwMDAwMDAsInJlYWQiOjMwMDAwMDAwMDAwMCwidXBkYXRlIjoxODAwMDAwMDAwMDAwfSwic2NoZW1hX3ZlcnNpb24iOiIwIn0=",
          "dependencies": [
            "azurerm_private_dns_zone.res-2",
            "azurerm_resource_group.res-0"
          ]
        }
      ]
    },
    {
      "mode": "managed",
      "type": "azurerm_private_dns_zone",
      "name": "res-2",
      "provider": "provider[\"registry.terraform.io/hashicorp/azurerm\"]",
      "instances": [
        {
          "schema_version": 0,
          "attributes": {
            "id": "/subscriptions/909915d6-75e4-4893-95d4-8378c8ea8cc5/resourceGroups/rg-devopsvanillaexample-dev/providers/Microsoft.Network/privateDnsZones/privatelink.postgres.database.azure.com",
            "max_number_of_record_sets": 25000,
            "max_number_of_virtual_network_links": 1000,
            "max_number_of_virtual_network_links_with_registration": 100,
            "name": "privatelink.postgres.database.azure.com",
            "number_of_record_sets": 2,
            "resource_group_name": "rg-devopsvanillaexample-dev",
            "soa_record": [
              {
                "email": "azureprivatedns-host.microsoft.com",
                "expire_time": 2419200,
                "fqdn": "privatelink.postgres.database.azure.com.",
                "host_name": "azureprivatedns.net",
                "minimum_ttl": 10,
                "refresh_time": 3600,
                "retry_time": 300,
                "serial_number": 1,
                "tags": {},
                "ttl": 3600
              }
            ],
            "tags": {},
            "timeouts": null
          },
          "sensitive_attributes": [],
          "private": "eyJlMmJmYjczMC1lY2FhLTExZTYtOGY4OC0zNDM2M2JjN2M0YzAiOnsiY3JlYXRlIjoxODAwMDAwMDAwMDAwLCJkZWxldGUiOjE4MDAwMDAwMDAwMDAsInJlYWQiOjMwMDAwMDAwMDAwMCwidXBkYXRlIjoxODAwMDAwMDAwMDAwfSwic2NoZW1hX3ZlcnNpb24iOiIwIn0=",
          "dependencies": [
            "azurerm_resource_group.res-0"
          ]
        }
      ]
    },
    {
      "mode": "managed",
      "type": "azurerm_private_dns_zone",
      "name": "res-6",
      "provider": "provider[\"registry.terraform.io/hashicorp/azurerm\"]",
      "instances": [
        {
          "schema_version": 0,
          "attributes": {
            "id": "/subscriptions/909915d6-75e4-4893-95d4-8378c8ea8cc5/resourceGroups/rg-devopsvanillaexample-dev/providers/Microsoft.Network/privateDnsZones/privatelink.redis.cache.windows.net",
            "max_number_of_record_sets": 25000,
            "max_number_of_virtual_network_links": 1000,
            "max_number_of_virtual_network_links_with_registration": 100,
            "name": "privatelink.redis.cache.windows.net",
            "number_of_record_sets": 1,
            "resource_group_name": "rg-devopsvanillaexample-dev",
            "soa_record": [
              {
                "email": "azureprivatedns-host.microsoft.com",
                "expire_time": 2419200,
                "fqdn": "privatelink.redis.cache.windows.net.",
                "host_name": "azureprivatedns.net",
                "minimum_ttl": 10,
                "refresh_time": 3600,
                "retry_time": 300,
                "serial_number": 1,
                "tags": {},
                "ttl": 3600
              }
            ],
            "tags": {},
            "timeouts": null
          },
          "sensitive_attributes": [],
          "private": "eyJlMmJmYjczMC1lY2FhLTExZTYtOGY4OC0zNDM2M2JjN2M0YzAiOnsiY3JlYXRlIjoxODAwMDAwMDAwMDAwLCJkZWxldGUiOjE4MDAwMDAwMDAwMDAsInJlYWQiOjMwMDAwMDAwMDAwMCwidXBkYXRlIjoxODAwMDAwMDAwMDAwfSwic2NoZW1hX3ZlcnNpb24iOiIwIn0=",
          "dependencies": [
            "azurerm_resource_group.res-0"
          ]
        }
      ]
    },
    {
      "mode": "managed",
      "type": "azurerm_private_dns_zone_virtual_network_link",
      "name": "res-5",
      "provider": "provider[\"registry.terraform.io/hashicorp/azurerm\"]",
      "instances": [
        {
          "schema_version": 0,
          "attributes": {
            "id": "/subscriptions/909915d6-75e4-4893-95d4-8378c8ea8cc5/resourceGroups/rg-devopsvanillaexample-dev/providers/Microsoft.Network/privateDnsZones/privatelink.postgres.database.azure.com/virtualNetworkLinks/privatelink.postgres.database.azure.com-dblink",
            "name": "privatelink.postgres.database.azure.com-dblink",
            "private_dns_zone_name": "privatelink.postgres.database.azure.com",
            "registration_enabled": false,
            "resource_group_name": "rg-devopsvanillaexample-dev",
            "tags": {},
            "timeouts": null,
            "virtual_network_id": "/subscriptions/909915d6-75e4-4893-95d4-8378c8ea8cc5/resourceGroups/rg-devopsvanillaexample-dev/providers/Microsoft.Network/virtualNetworks/app-devopsvanillaexample-devVnet"
          },
          "sensitive_attributes": [],
          "private": "eyJlMmJmYjczMC1lY2FhLTExZTYtOGY4OC0zNDM2M2JjN2M0YzAiOnsiY3JlYXRlIjoxODAwMDAwMDAwMDAwLCJkZWxldGUiOjE4MDAwMDAwMDAwMDAsInJlYWQiOjMwMDAwMDAwMDAwMCwidXBkYXRlIjoxODAwMDAwMDAwMDAwfSwic2NoZW1hX3ZlcnNpb24iOiIwIn0=",
          "dependencies": [
            "azurerm_private_dns_zone.res-2",
            "azurerm_resource_group.res-0",
            "azurerm_virtual_network.res-9"
          ]
        }
      ]
    },
    {
      "mode": "managed",
      "type": "azurerm_private_dns_zone_virtual_network_link",
      "name": "res-8",
      "provider": "provider[\"registry.terraform.io/hashicorp/azurerm\"]",
      "instances": [
        {
          "schema_version": 0,
          "attributes": {
            "id": "/subscriptions/909915d6-75e4-4893-95d4-8378c8ea8cc5/resourceGroups/rg-devopsvanillaexample-dev/providers/Microsoft.Network/privateDnsZones/privatelink.redis.cache.windows.net/virtualNetworkLinks/privatelink.redis.cache.windows.net-applink",
            "name": "privatelink.redis.cache.windows.net-applink",
            "private_dns_zone_name": "privatelink.redis.cache.windows.net",
            "registration_enabled": false,
            "resource_group_name": "rg-devopsvanillaexample-dev",
            "tags": {},
            "timeouts": null,
            "virtual_network_id": "/subscriptions/909915d6-75e4-4893-95d4-8378c8ea8cc5/resourceGroups/rg-devopsvanillaexample-dev/providers/Microsoft.Network/virtualNetworks/app-devopsvanillaexample-devVnet"
          },
          "sensitive_attributes": [],
          "private": "eyJlMmJmYjczMC1lY2FhLTExZTYtOGY4OC0zNDM2M2JjN2M0YzAiOnsiY3JlYXRlIjoxODAwMDAwMDAwMDAwLCJkZWxldGUiOjE4MDAwMDAwMDAwMDAsInJlYWQiOjMwMDAwMDAwMDAwMCwidXBkYXRlIjoxODAwMDAwMDAwMDAwfSwic2NoZW1hX3ZlcnNpb24iOiIwIn0=",
          "dependencies": [
            "azurerm_private_dns_zone.res-6",
            "azurerm_resource_group.res-0",
            "azurerm_virtual_network.res-9"
          ]
        }
      ]
    },
    {
      "mode": "managed",
      "type": "azurerm_resource_group",
      "name": "res-0",
      "provider": "provider[\"registry.terraform.io/hashicorp/azurerm\"]",
      "instances": [
        {
          "schema_version": 0,
          "attributes": {
            "id": "/subscriptions/909915d6-75e4-4893-95d4-8378c8ea8cc5/resourceGroups/rg-devopsvanillaexample-dev",
            "location": "eastus",
            "name": "rg-devopsvanillaexample-dev",
            "tags": {},
            "timeouts": null
          },
          "sensitive_attributes": [],
          "private": "eyJlMmJmYjczMC1lY2FhLTExZTYtOGY4OC0zNDM2M2JjN2M0YzAiOnsiY3JlYXRlIjo1NDAwMDAwMDAwMDAwLCJkZWxldGUiOjU0MDAwMDAwMDAwMDAsInJlYWQiOjMwMDAwMDAwMDAwMCwidXBkYXRlIjo1NDAwMDAwMDAwMDAwfSwic2NoZW1hX3ZlcnNpb24iOiIwIn0="
        }
      ]
    },
    {
      "mode": "managed",
      "type": "azurerm_service_plan",
      "name": "res-13",
      "provider": "provider[\"registry.terraform.io/hashicorp/azurerm\"]",
      "instances": [
        {
          "schema_version": 0,
          "attributes": {
            "app_service_environment_id": "",
            "id": "/subscriptions/909915d6-75e4-4893-95d4-8378c8ea8cc5/resourceGroups/rg-devopsvanillaexample-dev/providers/Microsoft.Web/serverfarms/ASP-rgdevopsvanillaexampledev-ab67",
            "kind": "linux",
            "location": "eastus",
            "maximum_elastic_worker_count": 1,
            "name": "ASP-rgdevopsvanillaexampledev-ab67",
            "os_type": "Linux",
            "per_site_scaling_enabled": false,
            "reserved": true,
            "resource_group_name": "rg-devopsvanillaexample-dev",
            "sku_name": "B1",
            "tags": {},
            "timeouts": null,
            "worker_count": 1,
            "zone_balancing_enabled": false
          },
          "sensitive_attributes": [],
          "private": "eyJlMmJmYjczMC1lY2FhLTExZTYtOGY4OC0zNDM2M2JjN2M0YzAiOnsiY3JlYXRlIjozNjAwMDAwMDAwMDAwLCJkZWxldGUiOjM2MDAwMDAwMDAwMDAsInJlYWQiOjMwMDAwMDAwMDAwMCwidXBkYXRlIjozNjAwMDAwMDAwMDAwfSwic2NoZW1hX3ZlcnNpb24iOiIwIn0=",
          "dependencies": [
            "azurerm_resource_group.res-0"
          ]
        }
      ]
    },
    {
      "mode": "managed",
      "type": "azurerm_subnet",
      "name": "res-10",
      "provider": "provider[\"registry.terraform.io/hashicorp/azurerm\"]",
      "instances": [
        {
          "schema_version": 0,
          "attributes": {
            "address_prefixes": [
              "10.0.2.0/24"
            ],
            "delegation": [
              {
                "name": "dlg-appServices",
                "service_delegation": [
                  {
                    "actions": [
                      "Microsoft.Network/virtualNetworks/subnets/action"
                    ],
                    "name": "Microsoft.Web/serverFarms"
                  }
                ]
              }
            ],
            "enforce_private_link_endpoint_network_policies": true,
            "enforce_private_link_service_network_policies": false,
            "id": "/subscriptions/909915d6-75e4-4893-95d4-8378c8ea8cc5/resourceGroups/rg-devopsvanillaexample-dev/providers/Microsoft.Network/virtualNetworks/app-devopsvanillaexample-devVnet/subnets/app-devopsvanillaexample-devAppSubnet",
            "name": "app-devopsvanillaexample-devAppSubnet",
            "private_endpoint_network_policies_enabled": false,
            "private_link_service_network_policies_enabled": true,
            "resource_group_name": "rg-devopsvanillaexample-dev",
            "service_endpoint_policy_ids": [],
            "service_endpoints": [],
            "timeouts": null,
            "virtual_network_name": "app-devopsvanillaexample-devVnet"
          },
          "sensitive_attributes": [],
          "private": "eyJlMmJmYjczMC1lY2FhLTExZTYtOGY4OC0zNDM2M2JjN2M0YzAiOnsiY3JlYXRlIjoxODAwMDAwMDAwMDAwLCJkZWxldGUiOjE4MDAwMDAwMDAwMDAsInJlYWQiOjMwMDAwMDAwMDAwMCwidXBkYXRlIjoxODAwMDAwMDAwMDAwfSwic2NoZW1hX3ZlcnNpb24iOiIwIn0=",
          "dependencies": [
            "azurerm_resource_group.res-0",
            "azurerm_virtual_network.res-9"
          ]
        }
      ]
    },
    {
      "mode": "managed",
      "type": "azurerm_subnet",
      "name": "res-11",
      "provider": "provider[\"registry.terraform.io/hashicorp/azurerm\"]",
      "instances": [
        {
          "schema_version": 0,
          "attributes": {
            "address_prefixes": [
              "10.0.1.0/24"
            ],
            "delegation": [
              {
                "name": "dlg-database",
                "service_delegation": [
                  {
                    "actions": [
                      "Microsoft.Network/virtualNetworks/subnets/join/action"
                    ],
                    "name": "Microsoft.DBforPostgreSQL/flexibleServers"
                  }
                ]
              }
            ],
            "enforce_private_link_endpoint_network_policies": true,
            "enforce_private_link_service_network_policies": false,
            "id": "/subscriptions/909915d6-75e4-4893-95d4-8378c8ea8cc5/resourceGroups/rg-devopsvanillaexample-dev/providers/Microsoft.Network/virtualNetworks/app-devopsvanillaexample-devVnet/subnets/app-devopsvanillaexample-devDbSubnet",
            "name": "app-devopsvanillaexample-devDbSubnet",
            "private_endpoint_network_policies_enabled": false,
            "private_link_service_network_policies_enabled": true,
            "resource_group_name": "rg-devopsvanillaexample-dev",
            "service_endpoint_policy_ids": [],
            "service_endpoints": [
              "Microsoft.Storage"
            ],
            "timeouts": null,
            "virtual_network_name": "app-devopsvanillaexample-devVnet"
          },
          "sensitive_attributes": [],
          "private": "eyJlMmJmYjczMC1lY2FhLTExZTYtOGY4OC0zNDM2M2JjN2M0YzAiOnsiY3JlYXRlIjoxODAwMDAwMDAwMDAwLCJkZWxldGUiOjE4MDAwMDAwMDAwMDAsInJlYWQiOjMwMDAwMDAwMDAwMCwidXBkYXRlIjoxODAwMDAwMDAwMDAwfSwic2NoZW1hX3ZlcnNpb24iOiIwIn0=",
          "dependencies": [
            "azurerm_resource_group.res-0",
            "azurerm_virtual_network.res-9"
          ]
        }
      ]
    },
    {
      "mode": "managed",
      "type": "azurerm_subnet",
      "name": "res-12",
      "provider": "provider[\"registry.terraform.io/hashicorp/azurerm\"]",
      "instances": [
        {
          "schema_version": 0,
          "attributes": {
            "address_prefixes": [
              "10.0.0.0/24"
            ],
            "delegation": [],
            "enforce_private_link_endpoint_network_policies": true,
            "enforce_private_link_service_network_policies": false,
            "id": "/subscriptions/909915d6-75e4-4893-95d4-8378c8ea8cc5/resourceGroups/rg-devopsvanillaexample-dev/providers/Microsoft.Network/virtualNetworks/app-devopsvanillaexample-devVnet/subnets/app-devopsvanillaexample-devSubnet",
            "name": "app-devopsvanillaexample-devSubnet",
            "private_endpoint_network_policies_enabled": false,
            "private_link_service_network_policies_enabled": true,
            "resource_group_name": "rg-devopsvanillaexample-dev",
            "service_endpoint_policy_ids": [],
            "service_endpoints": [],
            "timeouts": null,
            "virtual_network_name": "app-devopsvanillaexample-devVnet"
          },
          "sensitive_attributes": [],
          "private": "eyJlMmJmYjczMC1lY2FhLTExZTYtOGY4OC0zNDM2M2JjN2M0YzAiOnsiY3JlYXRlIjoxODAwMDAwMDAwMDAwLCJkZWxldGUiOjE4MDAwMDAwMDAwMDAsInJlYWQiOjMwMDAwMDAwMDAwMCwidXBkYXRlIjoxODAwMDAwMDAwMDAwfSwic2NoZW1hX3ZlcnNpb24iOiIwIn0=",
          "dependencies": [
            "azurerm_resource_group.res-0",
            "azurerm_virtual_network.res-9"
          ]
        }
      ]
    },
    {
      "mode": "managed",
      "type": "azurerm_virtual_network",
      "name": "res-9",
      "provider": "provider[\"registry.terraform.io/hashicorp/azurerm\"]",
      "instances": [
        {
          "schema_version": 0,
          "attributes": {
            "address_space": [
              "10.0.0.0/16"
            ],
            "bgp_community": "",
            "ddos_protection_plan": [],
            "dns_servers": [],
            "edge_zone": "",
            "flow_timeout_in_minutes": 0,
            "guid": "96cb0368-1a8e-475b-959c-8cb257e84c08",
            "id": "/subscriptions/909915d6-75e4-4893-95d4-8378c8ea8cc5/resourceGroups/rg-devopsvanillaexample-dev/providers/Microsoft.Network/virtualNetworks/app-devopsvanillaexample-devVnet",
            "location": "eastus",
            "name": "app-devopsvanillaexample-devVnet",
            "resource_group_name": "rg-devopsvanillaexample-dev",
            "subnet": [
              {
                "address_prefix": "10.0.0.0/24",
                "id": "/subscriptions/909915d6-75e4-4893-95d4-8378c8ea8cc5/resourceGroups/rg-devopsvanillaexample-dev/providers/Microsoft.Network/virtualNetworks/app-devopsvanillaexample-devVnet/subnets/app-devopsvanillaexample-devSubnet",
                "name": "app-devopsvanillaexample-devSubnet",
                "security_group": ""
              },
              {
                "address_prefix": "10.0.1.0/24",
                "id": "/subscriptions/909915d6-75e4-4893-95d4-8378c8ea8cc5/resourceGroups/rg-devopsvanillaexample-dev/providers/Microsoft.Network/virtualNetworks/app-devopsvanillaexample-devVnet/subnets/app-devopsvanillaexample-devDbSubnet",
                "name": "app-devopsvanillaexample-devDbSubnet",
                "security_group": ""
              },
              {
                "address_prefix": "10.0.2.0/24",
                "id": "/subscriptions/909915d6-75e4-4893-95d4-8378c8ea8cc5/resourceGroups/rg-devopsvanillaexample-dev/providers/Microsoft.Network/virtualNetworks/app-devopsvanillaexample-devVnet/subnets/app-devopsvanillaexample-devAppSubnet",
                "name": "app-devopsvanillaexample-devAppSubnet",
                "security_group": ""
              }
            ],
            "tags": {},
            "timeouts": null
          },
          "sensitive_attributes": [],
          "private": "eyJlMmJmYjczMC1lY2FhLTExZTYtOGY4OC0zNDM2M2JjN2M0YzAiOnsiY3JlYXRlIjoxODAwMDAwMDAwMDAwLCJkZWxldGUiOjE4MDAwMDAwMDAwMDAsInJlYWQiOjMwMDAwMDAwMDAwMCwidXBkYXRlIjoxODAwMDAwMDAwMDAwfSwic2NoZW1hX3ZlcnNpb24iOiIwIn0=",
          "dependencies": [
            "azurerm_resource_group.res-0"
          ]
        }
      ]
    }
  ],
  "check_results": null
}
